
Microsoft Visual Studio Solution File, Format Version 12.00
# Visual Studio Version 17
VisualStudioVersion = 17.1.32210.238
MinimumVisualStudioVersion = 10.0.40219.1
Project("{FAE04EC0-301F-11D3-BF4B-00C04F79EFBC}") = "TCPClient", "TCPClient\TCPClient.csproj", "{075796ED-9AD9-4C34-BEDE-2B7841C6C35D}"
EndProject
Global
	GlobalSection(SolutionConfigurationPlatforms) = preSolution
		Debug|Any CPU = Debug|Any CPU
		Release|Any CPU = Release|Any CPU
	EndGlobalSection
	GlobalSection(ProjectConfigurationPlatforms) = postSolution
		{075796ED-9AD9-4C34-BEDE-2B7841C6C35D}.Debug|Any CPU.ActiveCfg = Debug|Any CPU
		{075796ED-9AD9-4C34-BEDE-2B7841C6C35D}.Debug|Any CPU.Build.0 = Debug|Any CPU
		{075796ED-9AD9-4C34-BEDE-2B7841C6C35D}.Release|Any CPU.ActiveCfg = Release|Any CPU
		{075796ED-9AD9-4C34-BEDE-2B7841C6C35D}.Release|Any CPU.Build.0 = Release|Any CPU
	EndGlobalSection
	GlobalSection(SolutionProperties) = preSolution
		HideSolutionNode = FALSE
	EndGlobalSection
	GlobalSection(ExtensibilityGlobals) = postSolution
		SolutionGuid = {029BC916-727E-43D0-830B-C2D18BB5A648}
	EndGlobalSection
EndGlobal
